
Microsoft Visual Studio Solution File, Format Version 12.00
# Visual Studio Version 16
VisualStudioVersion = 16.0.29020.237
MinimumVisualStudioVersion = 10.0.40219.1
Project("{FAE04EC0-301F-11D3-BF4B-00C04F79EFBC}") = "ProjetoKajika", "ProjetoKajika\ProjetoKajika.csproj", "{3B84FFBC-C79F-4F08-AEC9-E0D95AF24836}"
EndProject
Global
	GlobalSection(SolutionConfigurationPlatforms) = preSolution
		Debug|Any CPU = Debug|Any CPU
		Release|Any CPU = Release|Any CPU
	EndGlobalSection
	GlobalSection(ProjectConfigurationPlatforms) = postSolution
		{3B84FFBC-C79F-4F08-AEC9-E0D95AF24836}.Debug|Any CPU.ActiveCfg = Debug|Any CPU
		{3B84FFBC-C79F-4F08-AEC9-E0D95AF24836}.Debug|Any CPU.Build.0 = Debug|Any CPU
		{3B84FFBC-C79F-4F08-AEC9-E0D95AF24836}.Release|Any CPU.ActiveCfg = Release|Any CPU
		{3B84FFBC-C79F-4F08-AEC9-E0D95AF24836}.Release|Any CPU.Build.0 = Release|Any CPU
	EndGlobalSection
	GlobalSection(SolutionProperties) = preSolution
		HideSolutionNode = FALSE
	EndGlobalSection
	GlobalSection(ExtensibilityGlobals) = postSolution
		SolutionGuid = {2ADB9E24-F9B8-401F-AB60-76AEE58309B2}
	EndGlobalSection
EndGlobal
