
Microsoft Visual Studio Solution File, Format Version 12.00
# Visual Studio Version 16
VisualStudioVersion = 16.0.29424.173
MinimumVisualStudioVersion = 10.0.40219.1
Project("{9A19103F-16F7-4668-BE54-9A1E7A4F7556}") = "RandomApp", "RandomApp\RandomApp.csproj", "{8182AC0C-725D-4DBB-82B9-E7D62A48C653}"
EndProject
Project("{9A19103F-16F7-4668-BE54-9A1E7A4F7556}") = "MataMata", "MataMata\MataMata.csproj", "{178D2F48-8DAA-4094-9352-E2B8097FCFA4}"
EndProject
Project("{FAE04EC0-301F-11D3-BF4B-00C04F79EFBC}") = "SorteioCampeonato", "SorteioCampeonato\SorteioCampeonato.csproj", "{B7CFCDDA-64D0-47A9-A687-D5998F2179CC}"
EndProject
Global
	GlobalSection(SolutionConfigurationPlatforms) = preSolution
		Debug|Any CPU = Debug|Any CPU
		Release|Any CPU = Release|Any CPU
	EndGlobalSection
	GlobalSection(ProjectConfigurationPlatforms) = postSolution
		{8182AC0C-725D-4DBB-82B9-E7D62A48C653}.Debug|Any CPU.ActiveCfg = Debug|Any CPU
		{8182AC0C-725D-4DBB-82B9-E7D62A48C653}.Debug|Any CPU.Build.0 = Debug|Any CPU
		{8182AC0C-725D-4DBB-82B9-E7D62A48C653}.Release|Any CPU.ActiveCfg = Release|Any CPU
		{8182AC0C-725D-4DBB-82B9-E7D62A48C653}.Release|Any CPU.Build.0 = Release|Any CPU
		{178D2F48-8DAA-4094-9352-E2B8097FCFA4}.Debug|Any CPU.ActiveCfg = Debug|Any CPU
		{178D2F48-8DAA-4094-9352-E2B8097FCFA4}.Debug|Any CPU.Build.0 = Debug|Any CPU
		{178D2F48-8DAA-4094-9352-E2B8097FCFA4}.Release|Any CPU.ActiveCfg = Release|Any CPU
		{178D2F48-8DAA-4094-9352-E2B8097FCFA4}.Release|Any CPU.Build.0 = Release|Any CPU
		{B7CFCDDA-64D0-47A9-A687-D5998F2179CC}.Debug|Any CPU.ActiveCfg = Debug|Any CPU
		{B7CFCDDA-64D0-47A9-A687-D5998F2179CC}.Debug|Any CPU.Build.0 = Debug|Any CPU
		{B7CFCDDA-64D0-47A9-A687-D5998F2179CC}.Release|Any CPU.ActiveCfg = Release|Any CPU
		{B7CFCDDA-64D0-47A9-A687-D5998F2179CC}.Release|Any CPU.Build.0 = Release|Any CPU
	EndGlobalSection
	GlobalSection(SolutionProperties) = preSolution
		HideSolutionNode = FALSE
	EndGlobalSection
	GlobalSection(ExtensibilityGlobals) = postSolution
		SolutionGuid = {3A2C29B5-7AB6-4880-AC1B-114CA386EC20}
	EndGlobalSection
EndGlobal
